
Microsoft Visual Studio Solution File, Format Version 12.00
# Visual Studio 15
VisualStudioVersion = 15.0.28307.421
MinimumVisualStudioVersion = 10.0.40219.1
Project("{FAE04EC0-301F-11D3-BF4B-00C04F79EFBC}") = "MutexTask", "MutexTask\MutexTask.csproj", "{ECB4D445-7ED7-4CC0-8FFB-60A69A1B09AA}"
EndProject
Global
	GlobalSection(SolutionConfigurationPlatforms) = preSolution
		Debug|Any CPU = Debug|Any CPU
		Release|Any CPU = Release|Any CPU
	EndGlobalSection
	GlobalSection(ProjectConfigurationPlatforms) = postSolution
		{ECB4D445-7ED7-4CC0-8FFB-60A69A1B09AA}.Debug|Any CPU.ActiveCfg = Debug|Any CPU
		{ECB4D445-7ED7-4CC0-8FFB-60A69A1B09AA}.Debug|Any CPU.Build.0 = Debug|Any CPU
		{ECB4D445-7ED7-4CC0-8FFB-60A69A1B09AA}.Release|Any CPU.ActiveCfg = Release|Any CPU
		{ECB4D445-7ED7-4CC0-8FFB-60A69A1B09AA}.Release|Any CPU.Build.0 = Release|Any CPU
	EndGlobalSection
	GlobalSection(SolutionProperties) = preSolution
		HideSolutionNode = FALSE
	EndGlobalSection
	GlobalSection(ExtensibilityGlobals) = postSolution
		SolutionGuid = {4F23AEF5-559E-4E2E-AAB2-81A59386DFCD}
	EndGlobalSection
EndGlobal
